
Microsoft Visual Studio Solution File, Format Version 12.00
# Visual Studio 14
VisualStudioVersion = 14.0.25420.1
MinimumVisualStudioVersion = 10.0.40219.1
Project("{FAE04EC0-301F-11D3-BF4B-00C04F79EFBC}") = "InSiteCommerce.Web", "InSiteCommerce.Web\InSiteCommerce.Web.csproj", "{CE0FFFD9-65A7-4D40-9A5B-A8C9800E6FE3}"
	ProjectSection(ProjectDependencies) = postProject
		{EB59A4FB-4273-467D-A4D7-DA94EB36B5A5} = {EB59A4FB-4273-467D-A4D7-DA94EB36B5A5}
	EndProjectSection
EndProject
Project("{FAE04EC0-301F-11D3-BF4B-00C04F79EFBC}") = "Morsco.Customizations.Lib", "Morsco.Customizations.Lib\Morsco.Customizations.Lib.csproj", "{2B9BEAF8-3621-4B97-BE80-8D8D001D95A6}"
EndProject
Project("{FAE04EC0-301F-11D3-BF4B-00C04F79EFBC}") = "Morsco.IntegrationProcessor", "Morsco.IntegrationProcessor\Morsco.IntegrationProcessor.csproj", "{EB59A4FB-4273-467D-A4D7-DA94EB36B5A5}"
	ProjectSection(ProjectDependencies) = postProject
		{521E3760-30B2-4DA4-B3A9-77AA97D0DACF} = {521E3760-30B2-4DA4-B3A9-77AA97D0DACF}
	EndProjectSection
EndProject
Project("{FAE04EC0-301F-11D3-BF4B-00C04F79EFBC}") = "Morsco.IntegrationProcessor.UnitTest", "Morsco.IntegrationProcessor.UnitTest\Morsco.IntegrationProcessor.UnitTest.csproj", "{06C0189E-66D5-49FF-94B3-41A96BE339CD}"
EndProject
Project("{FAE04EC0-301F-11D3-BF4B-00C04F79EFBC}") = "Morsco.PonderosaService", "Morsco.PonderosaService\Morsco.PonderosaService.csproj", "{521E3760-30B2-4DA4-B3A9-77AA97D0DACF}"
EndProject
Project("{FAE04EC0-301F-11D3-BF4B-00C04F79EFBC}") = "Morsco.PonderosaUnitTests", "Morsco.PonderosaUnitTests\Morsco.PonderosaUnitTests.csproj", "{B19B4B7B-32F4-4A4D-8071-342387931497}"
EndProject
Project("{FAE04EC0-301F-11D3-BF4B-00C04F79EFBC}") = "DbUpMorsco", "DbUpMorsco\DbUpMorsco.csproj", "{F1A63346-CF9A-4B04-9EF9-476E40EA704A}"
EndProject
Global
	GlobalSection(SolutionConfigurationPlatforms) = preSolution
		CCNet|Any CPU = CCNet|Any CPU
		Debug|Any CPU = Debug|Any CPU
		dev|Any CPU = dev|Any CPU
		prod|Any CPU = prod|Any CPU
		Release|Any CPU = Release|Any CPU
		test|Any CPU = test|Any CPU
	EndGlobalSection
	GlobalSection(ProjectConfigurationPlatforms) = postSolution
		{CE0FFFD9-65A7-4D40-9A5B-A8C9800E6FE3}.CCNet|Any CPU.ActiveCfg = Release|Any CPU
		{CE0FFFD9-65A7-4D40-9A5B-A8C9800E6FE3}.CCNet|Any CPU.Build.0 = Release|Any CPU
		{CE0FFFD9-65A7-4D40-9A5B-A8C9800E6FE3}.Debug|Any CPU.ActiveCfg = Debug|Any CPU
		{CE0FFFD9-65A7-4D40-9A5B-A8C9800E6FE3}.Debug|Any CPU.Build.0 = Debug|Any CPU
		{CE0FFFD9-65A7-4D40-9A5B-A8C9800E6FE3}.Debug|Any CPU.Deploy.0 = Debug|Any CPU
		{CE0FFFD9-65A7-4D40-9A5B-A8C9800E6FE3}.dev|Any CPU.ActiveCfg = Release|Any CPU
		{CE0FFFD9-65A7-4D40-9A5B-A8C9800E6FE3}.dev|Any CPU.Build.0 = Release|Any CPU
		{CE0FFFD9-65A7-4D40-9A5B-A8C9800E6FE3}.prod|Any CPU.ActiveCfg = Release|Any CPU
		{CE0FFFD9-65A7-4D40-9A5B-A8C9800E6FE3}.prod|Any CPU.Build.0 = Release|Any CPU
		{CE0FFFD9-65A7-4D40-9A5B-A8C9800E6FE3}.Release|Any CPU.ActiveCfg = Release|Any CPU
		{CE0FFFD9-65A7-4D40-9A5B-A8C9800E6FE3}.Release|Any CPU.Build.0 = Release|Any CPU
		{CE0FFFD9-65A7-4D40-9A5B-A8C9800E6FE3}.Release|Any CPU.Deploy.0 = Release|Any CPU
		{CE0FFFD9-65A7-4D40-9A5B-A8C9800E6FE3}.test|Any CPU.ActiveCfg = Release|Any CPU
		{CE0FFFD9-65A7-4D40-9A5B-A8C9800E6FE3}.test|Any CPU.Build.0 = Release|Any CPU
		{2B9BEAF8-3621-4B97-BE80-8D8D001D95A6}.CCNet|Any CPU.ActiveCfg = Release|Any CPU
		{2B9BEAF8-3621-4B97-BE80-8D8D001D95A6}.CCNet|Any CPU.Build.0 = Release|Any CPU
		{2B9BEAF8-3621-4B97-BE80-8D8D001D95A6}.Debug|Any CPU.ActiveCfg = Debug|Any CPU
		{2B9BEAF8-3621-4B97-BE80-8D8D001D95A6}.Debug|Any CPU.Build.0 = Debug|Any CPU
		{2B9BEAF8-3621-4B97-BE80-8D8D001D95A6}.Debug|Any CPU.Deploy.0 = Debug|Any CPU
		{2B9BEAF8-3621-4B97-BE80-8D8D001D95A6}.dev|Any CPU.ActiveCfg = Release|Any CPU
		{2B9BEAF8-3621-4B97-BE80-8D8D001D95A6}.dev|Any CPU.Build.0 = Release|Any CPU
		{2B9BEAF8-3621-4B97-BE80-8D8D001D95A6}.prod|Any CPU.ActiveCfg = Release|Any CPU
		{2B9BEAF8-3621-4B97-BE80-8D8D001D95A6}.prod|Any CPU.Build.0 = Release|Any CPU
		{2B9BEAF8-3621-4B97-BE80-8D8D001D95A6}.Release|Any CPU.ActiveCfg = Release|Any CPU
		{2B9BEAF8-3621-4B97-BE80-8D8D001D95A6}.Release|Any CPU.Build.0 = Release|Any CPU
		{2B9BEAF8-3621-4B97-BE80-8D8D001D95A6}.test|Any CPU.ActiveCfg = Release|Any CPU
		{2B9BEAF8-3621-4B97-BE80-8D8D001D95A6}.test|Any CPU.Build.0 = Release|Any CPU
		{EB59A4FB-4273-467D-A4D7-DA94EB36B5A5}.CCNet|Any CPU.ActiveCfg = Release|Any CPU
		{EB59A4FB-4273-467D-A4D7-DA94EB36B5A5}.CCNet|Any CPU.Build.0 = Release|Any CPU
		{EB59A4FB-4273-467D-A4D7-DA94EB36B5A5}.Debug|Any CPU.ActiveCfg = Debug|Any CPU
		{EB59A4FB-4273-467D-A4D7-DA94EB36B5A5}.Debug|Any CPU.Build.0 = Debug|Any CPU
		{EB59A4FB-4273-467D-A4D7-DA94EB36B5A5}.dev|Any CPU.ActiveCfg = Release|Any CPU
		{EB59A4FB-4273-467D-A4D7-DA94EB36B5A5}.dev|Any CPU.Build.0 = Release|Any CPU
		{EB59A4FB-4273-467D-A4D7-DA94EB36B5A5}.prod|Any CPU.ActiveCfg = Release|Any CPU
		{EB59A4FB-4273-467D-A4D7-DA94EB36B5A5}.prod|Any CPU.Build.0 = Release|Any CPU
		{EB59A4FB-4273-467D-A4D7-DA94EB36B5A5}.Release|Any CPU.ActiveCfg = Release|Any CPU
		{EB59A4FB-4273-467D-A4D7-DA94EB36B5A5}.Release|Any CPU.Build.0 = Release|Any CPU
		{EB59A4FB-4273-467D-A4D7-DA94EB36B5A5}.test|Any CPU.ActiveCfg = Release|Any CPU
		{EB59A4FB-4273-467D-A4D7-DA94EB36B5A5}.test|Any CPU.Build.0 = Release|Any CPU
		{06C0189E-66D5-49FF-94B3-41A96BE339CD}.CCNet|Any CPU.ActiveCfg = Release|Any CPU
		{06C0189E-66D5-49FF-94B3-41A96BE339CD}.CCNet|Any CPU.Build.0 = Release|Any CPU
		{06C0189E-66D5-49FF-94B3-41A96BE339CD}.Debug|Any CPU.ActiveCfg = Debug|Any CPU
		{06C0189E-66D5-49FF-94B3-41A96BE339CD}.Debug|Any CPU.Build.0 = Debug|Any CPU
		{06C0189E-66D5-49FF-94B3-41A96BE339CD}.dev|Any CPU.ActiveCfg = Release|Any CPU
		{06C0189E-66D5-49FF-94B3-41A96BE339CD}.prod|Any CPU.ActiveCfg = Release|Any CPU
		{06C0189E-66D5-49FF-94B3-41A96BE339CD}.Release|Any CPU.ActiveCfg = Release|Any CPU
		{06C0189E-66D5-49FF-94B3-41A96BE339CD}.Release|Any CPU.Build.0 = Release|Any CPU
		{06C0189E-66D5-49FF-94B3-41A96BE339CD}.test|Any CPU.ActiveCfg = Release|Any CPU
		{521E3760-30B2-4DA4-B3A9-77AA97D0DACF}.CCNet|Any CPU.ActiveCfg = dev|Any CPU
		{521E3760-30B2-4DA4-B3A9-77AA97D0DACF}.CCNet|Any CPU.Build.0 = dev|Any CPU
		{521E3760-30B2-4DA4-B3A9-77AA97D0DACF}.Debug|Any CPU.ActiveCfg = Debug|Any CPU
		{521E3760-30B2-4DA4-B3A9-77AA97D0DACF}.Debug|Any CPU.Build.0 = Debug|Any CPU
		{521E3760-30B2-4DA4-B3A9-77AA97D0DACF}.dev|Any CPU.ActiveCfg = Release|Any CPU
		{521E3760-30B2-4DA4-B3A9-77AA97D0DACF}.dev|Any CPU.Build.0 = Release|Any CPU
		{521E3760-30B2-4DA4-B3A9-77AA97D0DACF}.prod|Any CPU.ActiveCfg = Release|Any CPU
		{521E3760-30B2-4DA4-B3A9-77AA97D0DACF}.prod|Any CPU.Build.0 = Release|Any CPU
		{521E3760-30B2-4DA4-B3A9-77AA97D0DACF}.Release|Any CPU.ActiveCfg = Release|Any CPU
		{521E3760-30B2-4DA4-B3A9-77AA97D0DACF}.Release|Any CPU.Build.0 = Release|Any CPU
		{521E3760-30B2-4DA4-B3A9-77AA97D0DACF}.test|Any CPU.ActiveCfg = Release|Any CPU
		{521E3760-30B2-4DA4-B3A9-77AA97D0DACF}.test|Any CPU.Build.0 = Release|Any CPU
		{B19B4B7B-32F4-4A4D-8071-342387931497}.CCNet|Any CPU.ActiveCfg = dev|Any CPU
		{B19B4B7B-32F4-4A4D-8071-342387931497}.CCNet|Any CPU.Build.0 = dev|Any CPU
		{B19B4B7B-32F4-4A4D-8071-342387931497}.Debug|Any CPU.ActiveCfg = Debug|Any CPU
		{B19B4B7B-32F4-4A4D-8071-342387931497}.Debug|Any CPU.Build.0 = Debug|Any CPU
		{B19B4B7B-32F4-4A4D-8071-342387931497}.dev|Any CPU.ActiveCfg = Release|Any CPU
		{B19B4B7B-32F4-4A4D-8071-342387931497}.dev|Any CPU.Deploy.0 = Release|Any CPU
		{B19B4B7B-32F4-4A4D-8071-342387931497}.prod|Any CPU.ActiveCfg = Release|Any CPU
		{B19B4B7B-32F4-4A4D-8071-342387931497}.Release|Any CPU.ActiveCfg = Release|Any CPU
		{B19B4B7B-32F4-4A4D-8071-342387931497}.Release|Any CPU.Build.0 = Release|Any CPU
		{B19B4B7B-32F4-4A4D-8071-342387931497}.test|Any CPU.ActiveCfg = Release|Any CPU
		{F1A63346-CF9A-4B04-9EF9-476E40EA704A}.CCNet|Any CPU.ActiveCfg = Release|Any CPU
		{F1A63346-CF9A-4B04-9EF9-476E40EA704A}.CCNet|Any CPU.Build.0 = Release|Any CPU
		{F1A63346-CF9A-4B04-9EF9-476E40EA704A}.Debug|Any CPU.ActiveCfg = Debug|Any CPU
		{F1A63346-CF9A-4B04-9EF9-476E40EA704A}.Debug|Any CPU.Build.0 = Debug|Any CPU
		{F1A63346-CF9A-4B04-9EF9-476E40EA704A}.dev|Any CPU.ActiveCfg = Debug|Any CPU
		{F1A63346-CF9A-4B04-9EF9-476E40EA704A}.dev|Any CPU.Build.0 = Debug|Any CPU
		{F1A63346-CF9A-4B04-9EF9-476E40EA704A}.prod|Any CPU.ActiveCfg = Debug|Any CPU
		{F1A63346-CF9A-4B04-9EF9-476E40EA704A}.Release|Any CPU.ActiveCfg = Release|Any CPU
		{F1A63346-CF9A-4B04-9EF9-476E40EA704A}.Release|Any CPU.Build.0 = Release|Any CPU
		{F1A63346-CF9A-4B04-9EF9-476E40EA704A}.test|Any CPU.ActiveCfg = Debug|Any CPU
	EndGlobalSection
	GlobalSection(SolutionProperties) = preSolution
		HideSolutionNode = FALSE
	EndGlobalSection
EndGlobal
