
Microsoft Visual Studio Solution File, Format Version 12.00
# Visual Studio 2012
Project("{159641D6-6404-4A2A-AE62-294DE0FE8301}") = "Morsco.SSIS2", "Morsco.SSIS2\Morsco.SSIS2.dtproj", "{942B686B-80CB-4D44-8E8F-9FDD5F0C43F1}"
EndProject
Global
	GlobalSection(SolutionConfigurationPlatforms) = preSolution
		Development|Default = Development|Default
	EndGlobalSection
	GlobalSection(ProjectConfigurationPlatforms) = postSolution
		{942B686B-80CB-4D44-8E8F-9FDD5F0C43F1}.Development|Default.ActiveCfg = Development
		{942B686B-80CB-4D44-8E8F-9FDD5F0C43F1}.Development|Default.Build.0 = Development
	EndGlobalSection
	GlobalSection(SolutionProperties) = preSolution
		HideSolutionNode = FALSE
	EndGlobalSection
EndGlobal
